
Microsoft Visual Studio Solution File, Format Version 12.00
# Visual Studio Version 17
VisualStudioVersion = 17.6.33829.357
MinimumVisualStudioVersion = 10.0.40219.1
Project("{FAE04EC0-301F-11D3-BF4B-00C04F79EFBC}") = "Loan Application System", "Loan Application System.csproj", "{AF9F17AE-9D7B-432F-84AB-72517A724A14}"
EndProject
Global
	GlobalSection(SolutionConfigurationPlatforms) = preSolution
		Debug|Any CPU = Debug|Any CPU
		Release|Any CPU = Release|Any CPU
	EndGlobalSection
	GlobalSection(ProjectConfigurationPlatforms) = postSolution
		{AF9F17AE-9D7B-432F-84AB-72517A724A14}.Debug|Any CPU.ActiveCfg = Debug|Any CPU
		{AF9F17AE-9D7B-432F-84AB-72517A724A14}.Debug|Any CPU.Build.0 = Debug|Any CPU
		{AF9F17AE-9D7B-432F-84AB-72517A724A14}.Release|Any CPU.ActiveCfg = Release|Any CPU
		{AF9F17AE-9D7B-432F-84AB-72517A724A14}.Release|Any CPU.Build.0 = Release|Any CPU
	EndGlobalSection
	GlobalSection(SolutionProperties) = preSolution
		HideSolutionNode = FALSE
	EndGlobalSection
	GlobalSection(ExtensibilityGlobals) = postSolution
		SolutionGuid = {54A40564-FFFD-4BEA-94B2-ABC579AF7D66}
	EndGlobalSection
EndGlobal
